
Microsoft Visual Studio Solution File, Format Version 12.00
# Visual Studio 2017
Project("{FAE04EC0-301F-11D3-BF4B-00C04F79EFBC}") = "Tap Attack Downgrade", "Tap Attack Downgrade.csproj", "{6FF3BBE5-6D23-C05D-D580-03673C74AC5E}"
EndProject
Project("{FAE04EC0-301F-11D3-BF4B-00C04F79EFBC}") = "Tap Attack Downgrade.Editor", "Tap Attack Downgrade.Editor.csproj", "{A7286ACE-BE18-EFAD-E751-AAB0237B8B67}"
EndProject
Global
	GlobalSection(SolutionConfigurationPlatforms) = preSolution
		Debug|Any CPU = Debug|Any CPU
		Release|Any CPU = Release|Any CPU
	EndGlobalSection
	GlobalSection(ProjectConfigurationPlatforms) = postSolution
		{6FF3BBE5-6D23-C05D-D580-03673C74AC5E}.Debug|Any CPU.ActiveCfg = Debug|Any CPU
		{6FF3BBE5-6D23-C05D-D580-03673C74AC5E}.Debug|Any CPU.Build.0 = Debug|Any CPU
		{6FF3BBE5-6D23-C05D-D580-03673C74AC5E}.Release|Any CPU.ActiveCfg = Release|Any CPU
		{6FF3BBE5-6D23-C05D-D580-03673C74AC5E}.Release|Any CPU.Build.0 = Release|Any CPU
		{A7286ACE-BE18-EFAD-E751-AAB0237B8B67}.Debug|Any CPU.ActiveCfg = Debug|Any CPU
		{A7286ACE-BE18-EFAD-E751-AAB0237B8B67}.Debug|Any CPU.Build.0 = Debug|Any CPU
		{A7286ACE-BE18-EFAD-E751-AAB0237B8B67}.Release|Any CPU.ActiveCfg = Release|Any CPU
		{A7286ACE-BE18-EFAD-E751-AAB0237B8B67}.Release|Any CPU.Build.0 = Release|Any CPU
	EndGlobalSection
	GlobalSection(SolutionProperties) = preSolution
		HideSolutionNode = FALSE
	EndGlobalSection
EndGlobal
